
Microsoft Visual Studio Solution File, Format Version 12.00
# Visual Studio Version 17
VisualStudioVersion = 17.0.32112.339
MinimumVisualStudioVersion = 10.0.40219.1
Project("{FAE04EC0-301F-11D3-BF4B-00C04F79EFBC}") = "MTUDPDispatcher", "MTUDPDispatcher.csproj", "{B9E52A45-3E47-4E60-9391-A9F144D90B7B}"
EndProject
Global
	GlobalSection(SolutionConfigurationPlatforms) = preSolution
		Debug|Any CPU = Debug|Any CPU
		Release|Any CPU = Release|Any CPU
	EndGlobalSection
	GlobalSection(ProjectConfigurationPlatforms) = postSolution
		{B9E52A45-3E47-4E60-9391-A9F144D90B7B}.Debug|Any CPU.ActiveCfg = Debug|Any CPU
		{B9E52A45-3E47-4E60-9391-A9F144D90B7B}.Debug|Any CPU.Build.0 = Debug|Any CPU
		{B9E52A45-3E47-4E60-9391-A9F144D90B7B}.Release|Any CPU.ActiveCfg = Release|Any CPU
		{B9E52A45-3E47-4E60-9391-A9F144D90B7B}.Release|Any CPU.Build.0 = Release|Any CPU
	EndGlobalSection
	GlobalSection(SolutionProperties) = preSolution
		HideSolutionNode = FALSE
	EndGlobalSection
	GlobalSection(ExtensibilityGlobals) = postSolution
		SolutionGuid = {88B293CE-B397-4753-A6A7-CC352A52C084}
	EndGlobalSection
EndGlobal
